
Microsoft Visual Studio Solution File, Format Version 12.00
# Visual Studio Version 17
VisualStudioVersion = 17.8.34511.84
MinimumVisualStudioVersion = 10.0.40219.1
Project("{9A19103F-16F7-4668-BE54-9A1E7A4F7556}") = "BlazorApp1", "BlazorApp1.csproj", "{E1739C26-ADDB-451D-83E6-1298FCE963AE}"
EndProject
Project("{9A19103F-16F7-4668-BE54-9A1E7A4F7556}") = "DataLayer", "..\DataLayer\DataLayer.csproj", "{C1B27669-4042-48FB-990C-5446B7170655}"
EndProject
Global
	GlobalSection(SolutionConfigurationPlatforms) = preSolution
		Debug|Any CPU = Debug|Any CPU
		Release|Any CPU = Release|Any CPU
	EndGlobalSection
	GlobalSection(ProjectConfigurationPlatforms) = postSolution
		{E1739C26-ADDB-451D-83E6-1298FCE963AE}.Debug|Any CPU.ActiveCfg = Debug|Any CPU
		{E1739C26-ADDB-451D-83E6-1298FCE963AE}.Debug|Any CPU.Build.0 = Debug|Any CPU
		{E1739C26-ADDB-451D-83E6-1298FCE963AE}.Release|Any CPU.ActiveCfg = Release|Any CPU
		{E1739C26-ADDB-451D-83E6-1298FCE963AE}.Release|Any CPU.Build.0 = Release|Any CPU
		{C1B27669-4042-48FB-990C-5446B7170655}.Debug|Any CPU.ActiveCfg = Debug|Any CPU
		{C1B27669-4042-48FB-990C-5446B7170655}.Debug|Any CPU.Build.0 = Debug|Any CPU
		{C1B27669-4042-48FB-990C-5446B7170655}.Release|Any CPU.ActiveCfg = Release|Any CPU
		{C1B27669-4042-48FB-990C-5446B7170655}.Release|Any CPU.Build.0 = Release|Any CPU
	EndGlobalSection
	GlobalSection(SolutionProperties) = preSolution
		HideSolutionNode = FALSE
	EndGlobalSection
	GlobalSection(ExtensibilityGlobals) = postSolution
		SolutionGuid = {858196D6-E1E6-4E51-887F-FC0E68D7C55A}
	EndGlobalSection
EndGlobal
